
Microsoft Visual Studio Solution File, Format Version 12.00
Project("{FAE04EC0-301F-11D3-BF4B-00C04F79EFBC}") = "Calliope.NET", "Calliope.NET.csproj", "{C937A354-4CE5-428E-A394-7280CB1380C7}"
EndProject
Global
	GlobalSection(SolutionConfigurationPlatforms) = preSolution
		Debug|Any CPU = Debug|Any CPU
		Release|Any CPU = Release|Any CPU
	EndGlobalSection
	GlobalSection(ProjectConfigurationPlatforms) = postSolution
		{C937A354-4CE5-428E-A394-7280CB1380C7}.Debug|Any CPU.ActiveCfg = Debug|Any CPU
		{C937A354-4CE5-428E-A394-7280CB1380C7}.Debug|Any CPU.Build.0 = Debug|Any CPU
		{C937A354-4CE5-428E-A394-7280CB1380C7}.Release|Any CPU.ActiveCfg = Release|Any CPU
		{C937A354-4CE5-428E-A394-7280CB1380C7}.Release|Any CPU.Build.0 = Release|Any CPU
	EndGlobalSection
EndGlobal
